# This file is automatically @generated by Poetry 1.6.1 and should not be changed by hand.

[[package]]
name = "ruff"
version = "0.0.288"
description = "An extremely fast Python linter, written in Rust."
optional = false
python-versions = ">=3.7"
files = [
    {file = "ruff-0.0.288-py3-none-macosx_10_7_x86_64.whl", hash = "sha256:64c01615b8640c703a56a1eac3114a653166eafa5d416ffc9e6cafbfb86ab927"},
    {file = "ruff-0.0.288-py3-none-macosx_10_9_x86_64.macosx_11_0_arm64.macosx_10_9_universal2.whl", hash = "sha256:84691fd3c8edd705c27eb7ccf745a3530c31e4c83010f9ce20e0b9eb0578f099"},
    {file = "ruff-0.0.288-py3-none-manylinux_2_17_aarch64.manylinux2014_aarch64.whl", hash = "sha256:e08c81394ae272b1595580dad1bfc62de72d9356c51e76b5c2fdd546f84e6168"},
    {file = "ruff-0.0.288-py3-none-manylinux_2_17_armv7l.manylinux2014_armv7l.whl", hash = "sha256:db1de2ac1de219f29c12940b429fe365974c3d9f69464c4660c06e4b4b284dba"},
    {file = "ruff-0.0.288-py3-none-manylinux_2_17_i686.manylinux2014_i686.whl", hash = "sha256:bd9977eee17d7f29beca74b478f6930c7dd006d486bac615c849a3436384fc28"},
    {file = "ruff-0.0.288-py3-none-manylinux_2_17_ppc64.manylinux2014_ppc64.whl", hash = "sha256:2d5df4a49eaa11536776b1efcc4e88e373b205a958712185de8e4ae287397614"},
    {file = "ruff-0.0.288-py3-none-manylinux_2_17_ppc64le.manylinux2014_ppc64le.whl", hash = "sha256:10feeabd15e2c6e06bce75aa97e806009cf909261cd124f24ef832385914aae9"},
    {file = "ruff-0.0.288-py3-none-manylinux_2_17_s390x.manylinux2014_s390x.whl", hash = "sha256:0496556da7b413279370cae7de001a0415279e9318dc1fabd447a3ca7b398bce"},
    {file = "ruff-0.0.288-py3-none-manylinux_2_17_x86_64.manylinux2014_x86_64.whl", hash = "sha256:ef9a6563bbacfc7afdba04722d742db4f1961ab6f398a2e305b43c21d418c149"},
    {file = "ruff-0.0.288-py3-none-musllinux_1_2_aarch64.whl", hash = "sha256:ea0535d48f674d6a6bf1e6fb1a18c40622cb6496b0994cfdcd7aec763ef8b589"},
    {file = "ruff-0.0.288-py3-none-musllinux_1_2_armv7l.whl", hash = "sha256:e450e50a936409439bf4e28e85412622693350cf4da89c69e1f14af21ddbc467"},
    {file = "ruff-0.0.288-py3-none-musllinux_1_2_i686.whl", hash = "sha256:28ee03358e4eb89e843cb4fd9cf0406eb603a7e060436ffc623b29544e374c2b"},
    {file = "ruff-0.0.288-py3-none-musllinux_1_2_x86_64.whl", hash = "sha256:13d1e6cef389dc0238ef0e97e25561c925bf255d0f59f70ed2d6bd0a13fdd7b0"},
    {file = "ruff-0.0.288-py3-none-win32.whl", hash = "sha256:7534da2f1e724b87a5041615652bca7c6e721f90ae3a01d1d8e965d08a615038"},
    {file = "ruff-0.0.288-py3-none-win_amd64.whl", hash = "sha256:73066b1da66b3d4942cce8c90fd6e09108851e0867a5f7071255d1b99aee3e75"},
    {file = "ruff-0.0.288-py3-none-win_arm64.whl", hash = "sha256:6ca84861bf046e4365e20f4d664dc0aa02b377a6896a393dad716e033ac47a65"},
    {file = "ruff-0.0.288.tar.gz", hash = "sha256:71eb3e09cb47cc02c13c6dc5561055b913572995cf5fa8286948f938bc464621"},
]

[metadata]
lock-version = "2.0"
python-versions = "^3.11"
content-hash = "7209b9f3d95e4e29a7b91111f79b947b7908d0753f73f965310e708b53048166"
